
Microsoft Visual Studio Solution File, Format Version 12.00
# Visual Studio Version 17
VisualStudioVersion = 17.7.34024.191
MinimumVisualStudioVersion = 10.0.40219.1
Project("{9A19103F-16F7-4668-BE54-9A1E7A4F7556}") = "AppIoT_", "AppIoT_\AppIoT_.csproj", "{134062F2-1140-419C-8AF5-5517C0BD59AF}"
EndProject
Project("{FAE04EC0-301F-11D3-BF4B-00C04F79EFBC}") = "Utilities", "Utilities\Utilities.csproj", "{935710E0-8425-4BD8-B946-D66C1D2B4587}"
EndProject
Global
	GlobalSection(SolutionConfigurationPlatforms) = preSolution
		Debug|Any CPU = Debug|Any CPU
		Release|Any CPU = Release|Any CPU
	EndGlobalSection
	GlobalSection(ProjectConfigurationPlatforms) = postSolution
		{134062F2-1140-419C-8AF5-5517C0BD59AF}.Debug|Any CPU.ActiveCfg = Debug|Any CPU
		{134062F2-1140-419C-8AF5-5517C0BD59AF}.Debug|Any CPU.Build.0 = Debug|Any CPU
		{134062F2-1140-419C-8AF5-5517C0BD59AF}.Release|Any CPU.ActiveCfg = Release|Any CPU
		{134062F2-1140-419C-8AF5-5517C0BD59AF}.Release|Any CPU.Build.0 = Release|Any CPU
		{935710E0-8425-4BD8-B946-D66C1D2B4587}.Debug|Any CPU.ActiveCfg = Debug|Any CPU
		{935710E0-8425-4BD8-B946-D66C1D2B4587}.Debug|Any CPU.Build.0 = Debug|Any CPU
		{935710E0-8425-4BD8-B946-D66C1D2B4587}.Release|Any CPU.ActiveCfg = Release|Any CPU
		{935710E0-8425-4BD8-B946-D66C1D2B4587}.Release|Any CPU.Build.0 = Release|Any CPU
	EndGlobalSection
	GlobalSection(SolutionProperties) = preSolution
		HideSolutionNode = FALSE
	EndGlobalSection
	GlobalSection(ExtensibilityGlobals) = postSolution
		SolutionGuid = {24A767AE-B71C-47BD-A4CD-E93372B76E6D}
	EndGlobalSection
EndGlobal
